Microsoft Visual Studio Solution File, Format Version 12.00
# Visual Studio Version 17
VisualStudioVersion = 17.3.32811.315
MinimumVisualStudioVersion = 10.0.40219.1
Project("{8BC9CEB8-8B4A-11D0-8D11-00A0C91BC942}") = "Kantorex_aplication", "Kantorex_aplication\Kantorex_aplication.vcxproj", "{2510344A-CD0B-4C28-80DB-9B8AD6BF7007}"
EndProject
Project("{8BC9CEB8-8B4A-11D0-8D11-00A0C91BC942}") = "Kantorex_login", "Kantorex_login\Kantorex_login.vcxproj", "{23187958-7BD4-471B-9816-4A0B70F67441}"
EndProject
Project("{8BC9CEB8-8B4A-11D0-8D11-00A0C91BC942}") = "StaticLib_DisplayWindowsConsole", "StaticLib_DisplayWindowsConsole\StaticLib_DisplayWindowsConsole.vcxproj", "{C0E94B94-A897-4C58-9C62-744D433F4FA4}"
EndProject
Project("{8BC9CEB8-8B4A-11D0-8D11-00A0C91BC942}") = "ExhangerStaticLib", "ExhangerStaticLib\ExhangerStaticLib.vcxproj", "{0804D17B-A210-40E0-ACC7-5F12D8E8F96C}"
EndProject
Project("{8BC9CEB8-8B4A-11D0-8D11-00A0C91BC942}") = "Kantorex_UsersRoles", "Kantorex_UsersRoles\Kantorex_UsersRoles.vcxproj", "{64BFBF5F-EEB0-4C3F-A3A8-577437DB96FB}"
EndProject
Project("{8BC9CEB8-8B4A-11D0-8D11-00A0C91BC942}") = "JSONLib", "JSONLib\JSONLib.vcxproj", "{EC88062B-A056-427A-B880-67F836E077D9}"
EndProject
Project("{8BC9CEB8-8B4A-11D0-8D11-00A0C91BC942}") = "Report_Static_Library", "Report_Static_Library\Report_Static_Library.vcxproj", "{D778E8A2-5F78-412E-9508-03718A54B5BF}"
EndProject
Global
	GlobalSection(SolutionConfigurationPlatforms) = preSolution
		Debug|x64 = Debug|x64
		Debug|x86 = Debug|x86
		Release|x64 = Release|x64
		Release|x86 = Release|x86
	EndGlobalSection
	GlobalSection(ProjectConfigurationPlatforms) = postSolution
		{2510344A-CD0B-4C28-80DB-9B8AD6BF7007}.Debug|x64.ActiveCfg = Debug|x64
		{2510344A-CD0B-4C28-80DB-9B8AD6BF7007}.Debug|x64.Build.0 = Debug|x64
		{2510344A-CD0B-4C28-80DB-9B8AD6BF7007}.Debug|x86.ActiveCfg = Debug|Win32
		{2510344A-CD0B-4C28-80DB-9B8AD6BF7007}.Debug|x86.Build.0 = Debug|Win32
		{2510344A-CD0B-4C28-80DB-9B8AD6BF7007}.Release|x64.ActiveCfg = Release|x64
		{2510344A-CD0B-4C28-80DB-9B8AD6BF7007}.Release|x64.Build.0 = Release|x64
		{2510344A-CD0B-4C28-80DB-9B8AD6BF7007}.Release|x86.ActiveCfg = Release|Win32
		{2510344A-CD0B-4C28-80DB-9B8AD6BF7007}.Release|x86.Build.0 = Release|Win32
		{23187958-7BD4-471B-9816-4A0B70F67441}.Debug|x64.ActiveCfg = Debug|x64
		{23187958-7BD4-471B-9816-4A0B70F67441}.Debug|x64.Build.0 = Debug|x64
		{23187958-7BD4-471B-9816-4A0B70F67441}.Debug|x86.ActiveCfg = Debug|Win32
		{23187958-7BD4-471B-9816-4A0B70F67441}.Debug|x86.Build.0 = Debug|Win32
		{23187958-7BD4-471B-9816-4A0B70F67441}.Release|x64.ActiveCfg = Release|x64
		{23187958-7BD4-471B-9816-4A0B70F67441}.Release|x64.Build.0 = Release|x64
		{23187958-7BD4-471B-9816-4A0B70F67441}.Release|x86.ActiveCfg = Release|Win32
		{23187958-7BD4-471B-9816-4A0B70F67441}.Release|x86.Build.0 = Release|Win32
		{C0E94B94-A897-4C58-9C62-744D433F4FA4}.Debug|x64.ActiveCfg = Debug|x64
		{C0E94B94-A897-4C58-9C62-744D433F4FA4}.Debug|x64.Build.0 = Debug|x64
		{C0E94B94-A897-4C58-9C62-744D433F4FA4}.Debug|x86.ActiveCfg = Debug|Win32
		{C0E94B94-A897-4C58-9C62-744D433F4FA4}.Debug|x86.Build.0 = Debug|Win32
		{C0E94B94-A897-4C58-9C62-744D433F4FA4}.Release|x64.ActiveCfg = Release|x64
		{C0E94B94-A897-4C58-9C62-744D433F4FA4}.Release|x64.Build.0 = Release|x64
		{C0E94B94-A897-4C58-9C62-744D433F4FA4}.Release|x86.ActiveCfg = Release|Win32
		{C0E94B94-A897-4C58-9C62-744D433F4FA4}.Release|x86.Build.0 = Release|Win32
		{0804D17B-A210-40E0-ACC7-5F12D8E8F96C}.Debug|x64.ActiveCfg = Debug|x64
		{0804D17B-A210-40E0-ACC7-5F12D8E8F96C}.Debug|x64.Build.0 = Debug|x64
		{0804D17B-A210-40E0-ACC7-5F12D8E8F96C}.Debug|x86.ActiveCfg = Debug|Win32
		{0804D17B-A210-40E0-ACC7-5F12D8E8F96C}.Debug|x86.Build.0 = Debug|Win32
		{0804D17B-A210-40E0-ACC7-5F12D8E8F96C}.Release|x64.ActiveCfg = Release|x64
		{0804D17B-A210-40E0-ACC7-5F12D8E8F96C}.Release|x64.Build.0 = Release|x64
		{0804D17B-A210-40E0-ACC7-5F12D8E8F96C}.Release|x86.ActiveCfg = Release|Win32
		{0804D17B-A210-40E0-ACC7-5F12D8E8F96C}.Release|x86.Build.0 = Release|Win32
		{64BFBF5F-EEB0-4C3F-A3A8-577437DB96FB}.Debug|x64.ActiveCfg = Debug|x64
		{64BFBF5F-EEB0-4C3F-A3A8-577437DB96FB}.Debug|x64.Build.0 = Debug|x64
		{64BFBF5F-EEB0-4C3F-A3A8-577437DB96FB}.Debug|x86.ActiveCfg = Debug|Win32
		{64BFBF5F-EEB0-4C3F-A3A8-577437DB96FB}.Debug|x86.Build.0 = Debug|Win32
		{64BFBF5F-EEB0-4C3F-A3A8-577437DB96FB}.Release|x64.ActiveCfg = Release|x64
		{64BFBF5F-EEB0-4C3F-A3A8-577437DB96FB}.Release|x64.Build.0 = Release|x64
		{64BFBF5F-EEB0-4C3F-A3A8-577437DB96FB}.Release|x86.ActiveCfg = Release|Win32
		{64BFBF5F-EEB0-4C3F-A3A8-577437DB96FB}.Release|x86.Build.0 = Release|Win32
		{EC88062B-A056-427A-B880-67F836E077D9}.Debug|x64.ActiveCfg = Debug|x64
		{EC88062B-A056-427A-B880-67F836E077D9}.Debug|x64.Build.0 = Debug|x64
		{EC88062B-A056-427A-B880-67F836E077D9}.Debug|x86.ActiveCfg = Debug|Win32
		{EC88062B-A056-427A-B880-67F836E077D9}.Debug|x86.Build.0 = Debug|Win32
		{EC88062B-A056-427A-B880-67F836E077D9}.Release|x64.ActiveCfg = Release|x64
		{EC88062B-A056-427A-B880-67F836E077D9}.Release|x64.Build.0 = Release|x64
		{EC88062B-A056-427A-B880-67F836E077D9}.Release|x86.ActiveCfg = Release|Win32
		{EC88062B-A056-427A-B880-67F836E077D9}.Release|x86.Build.0 = Release|Win32
		{D778E8A2-5F78-412E-9508-03718A54B5BF}.Debug|x64.ActiveCfg = Debug|x64
		{D778E8A2-5F78-412E-9508-03718A54B5BF}.Debug|x64.Build.0 = Debug|x64
		{D778E8A2-5F78-412E-9508-03718A54B5BF}.Debug|x86.ActiveCfg = Debug|Win32
		{D778E8A2-5F78-412E-9508-03718A54B5BF}.Debug|x86.Build.0 = Debug|Win32
		{D778E8A2-5F78-412E-9508-03718A54B5BF}.Release|x64.ActiveCfg = Release|x64
		{D778E8A2-5F78-412E-9508-03718A54B5BF}.Release|x64.Build.0 = Release|x64
		{D778E8A2-5F78-412E-9508-03718A54B5BF}.Release|x86.ActiveCfg = Release|Win32
		{D778E8A2-5F78-412E-9508-03718A54B5BF}.Release|x86.Build.0 = Release|Win32
	EndGlobalSection
	GlobalSection(SolutionProperties) = preSolution
		HideSolutionNode = FALSE
	EndGlobalSection
	GlobalSection(ExtensibilityGlobals) = postSolution
		SolutionGuid = {336DA2A0-0EF6-45FD-A1A5-5F5BD15FDB7B}
	EndGlobalSection
EndGlobal
